
Microsoft Visual Studio Solution File, Format Version 12.00
# Visual Studio Version 17
VisualStudioVersion = 17.6.33723.286
MinimumVisualStudioVersion = 10.0.40219.1
Project("{FAE04EC0-301F-11D3-BF4B-00C04F79EFBC}") = "patrik-metelka", "patrik-metelka\patrik-metelka.csproj", "{DEDAB1B2-A445-471A-9B57-6AE3A193F6DC}"
EndProject
Global
	GlobalSection(SolutionConfigurationPlatforms) = preSolution
		Debug|Any CPU = Debug|Any CPU
		Release|Any CPU = Release|Any CPU
	EndGlobalSection
	GlobalSection(ProjectConfigurationPlatforms) = postSolution
		{DEDAB1B2-A445-471A-9B57-6AE3A193F6DC}.Debug|Any CPU.ActiveCfg = Debug|Any CPU
		{DEDAB1B2-A445-471A-9B57-6AE3A193F6DC}.Debug|Any CPU.Build.0 = Debug|Any CPU
		{DEDAB1B2-A445-471A-9B57-6AE3A193F6DC}.Release|Any CPU.ActiveCfg = Release|Any CPU
		{DEDAB1B2-A445-471A-9B57-6AE3A193F6DC}.Release|Any CPU.Build.0 = Release|Any CPU
	EndGlobalSection
	GlobalSection(SolutionProperties) = preSolution
		HideSolutionNode = FALSE
	EndGlobalSection
	GlobalSection(ExtensibilityGlobals) = postSolution
		SolutionGuid = {49AB205F-8569-4E1D-B977-A52F19BDFDEB}
	EndGlobalSection
EndGlobal
